// !$*UTF8*$!
{
	archiveVersion = 1;
	classes = {
	};
	objectVersion = 56;
	objects = {

/* Begin PBXBuildFile section */
		E1DBC9A52DD09E2C001DAD2B /* AppDelegate.swift in Sources */ = {isa = PBXBuildFile; fileRef = E1DBC9A42DD09E2C001DAD2B /* AppDelegate.swift */; };
		E1DBC9A72DD09E2C001DAD2B /* SceneDelegate.swift in Sources */ = {isa = PBXBuildFile; fileRef = E1DBC9A62DD09E2C001DAD2B /* SceneDelegate.swift */; };
		E1DBC9A92DD09E2C001DAD2B /* ViewController.swift in Sources */ = {isa = PBXBuildFile; fileRef = E1DBC9A82DD09E2C001DAD2B /* ViewController.swift */; };
		E1DBC9AC2DD09E2C001DAD2B /* Main.storyboard in Resources */ = {isa = PBXBuildFile; fileRef = E1DBC9AA2DD09E2C001DAD2B /* Main.storyboard */; };
		E1DBC9AF2DD09E2C001DAD2B /* MVP_Products.xcdatamodeld in Sources */ = {isa = PBXBuildFile; fileRef = E1DBC9AD2DD09E2C001DAD2B /* MVP_Products.xcdatamodeld */; };
		E1DBC9B12DD09E2D001DAD2B /* Assets.xcassets in Resources */ = {isa = PBXBuildFile; fileRef = E1DBC9B02DD09E2D001DAD2B /* Assets.xcassets */; };
		E1DBC9B42DD09E2D001DAD2B /* LaunchScreen.storyboard in Resources */ = {isa = PBXBuildFile; fileRef = E1DBC9B22DD09E2D001DAD2B /* LaunchScreen.storyboard */; };
		E1DBC9BF2DD09E2D001DAD2B /* MVP_ProductsTests.swift in Sources */ = {isa = PBXBuildFile; fileRef = E1DBC9BE2DD09E2D001DAD2B /* MVP_ProductsTests.swift */; };
		E1DBC9C92DD09E2D001DAD2B /* MVP_ProductsUITests.swift in Sources */ = {isa = PBXBuildFile; fileRef = E1DBC9C82DD09E2D001DAD2B /* MVP_ProductsUITests.swift */; };
		E1DBC9CB2DD09E2D001DAD2B /* MVP_ProductsUITestsLaunchTests.swift in Sources */ = {isa = PBXBuildFile; fileRef = E1DBC9CA2DD09E2D001DAD2B /* MVP_ProductsUITestsLaunchTests.swift */; };
/* End PBXBuildFile section */

/* Begin PBXContainerItemProxy section */
		E1DBC9BB2DD09E2D001DAD2B /* PBXContainerItemProxy */ = {
			isa = PBXContainerItemProxy;
			containerPortal = E1DBC9992DD09E2B001DAD2B /* Project object */;
			proxyType = 1;
			remoteGlobalIDString = E1DBC9A02DD09E2C001DAD2B;
			remoteInfo = "MVP Products";
		};
		E1DBC9C52DD09E2D001DAD2B /* PBXContainerItemProxy */ = {
			isa = PBXContainerItemProxy;
			containerPortal = E1DBC9992DD09E2B001DAD2B /* Project object */;
			proxyType = 1;
			remoteGlobalIDString = E1DBC9A02DD09E2C001DAD2B;
			remoteInfo = "MVP Products";
		};
/* End PBXContainerItemProxy section */

/* Begin PBXFileReference section */
		E1DBC9A12DD09E2C001DAD2B /* MVP Products.app */ = {isa = PBXFileReference; explicitFileType = wrapper.application; includeInIndex = 0; path = "MVP Products.app"; sourceTree = BUILT_PRODUCTS_DIR; };
		E1DBC9A42DD09E2C001DAD2B /* AppDelegate.swift */ = {isa = PBXFileReference; lastKnownFileType = sourcecode.swift; path = AppDelegate.swift; sourceTree = "<group>"; };
		E1DBC9A62DD09E2C001DAD2B /* SceneDelegate.swift */ = {isa = PBXFileReference; lastKnownFileType = sourcecode.swift; path = SceneDelegate.swift; sourceTree = "<group>"; };
		E1DBC9A82DD09E2C001DAD2B /* ViewController.swift */ = {isa = PBXFileReference; lastKnownFileType = sourcecode.swift; path = ViewController.swift; sourceTree = "<group>"; };
		E1DBC9AB2DD09E2C001DAD2B /* Base */ = {isa = PBXFileReference; lastKnownFileType = file.storyboard; name = Base; path = Base.lproj/Main.storyboard; sourceTree = "<group>"; };
		E1DBC9AE2DD09E2C001DAD2B /* MVP_Products.xcdatamodel */ = {isa = PBXFileReference; lastKnownFileType = wrapper.xcdatamodel; path = MVP_Products.xcdatamodel; sourceTree = "<group>"; };
		E1DBC9B02DD09E2D001DAD2B /* Assets.xcassets */ = {isa = PBXFileReference; lastKnownFileType = folder.assetcatalog; path = Assets.xcassets; sourceTree = "<group>"; };
		E1DBC9B32DD09E2D001DAD2B /* Base */ = {isa = PBXFileReference; lastKnownFileType = file.storyboard; name = Base; path = Base.lproj/LaunchScreen.storyboard; sourceTree = "<group>"; };
		E1DBC9B52DD09E2D001DAD2B /* Info.plist */ = {isa = PBXFileReference; lastKnownFileType = text.plist.xml; path = Info.plist; sourceTree = "<group>"; };
		E1DBC9BA2DD09E2D001DAD2B /* MVP ProductsTests.xctest */ = {isa = PBXFileReference; explicitFileType = wrapper.cfbundle; includeInIndex = 0; path = "MVP ProductsTests.xctest"; sourceTree = BUILT_PRODUCTS_DIR; };
		E1DBC9BE2DD09E2D001DAD2B /* MVP_ProductsTests.swift */ = {isa = PBXFileReference; lastKnownFileType = sourcecode.swift; path = MVP_ProductsTests.swift; sourceTree = "<group>"; };
		E1DBC9C42DD09E2D001DAD2B /* MVP ProductsUITests.xctest */ = {isa = PBXFileReference; explicitFileType = wrapper.cfbundle; includeInIndex = 0; path = "MVP ProductsUITests.xctest"; sourceTree = BUILT_PRODUCTS_DIR; };
		E1DBC9C82DD09E2D001DAD2B /* MVP_ProductsUITests.swift */ = {isa = PBXFileReference; lastKnownFileType = sourcecode.swift; path = MVP_ProductsUITests.swift; sourceTree = "<group>"; };
		E1DBC9CA2DD09E2D001DAD2B /* MVP_ProductsUITestsLaunchTests.swift */ = {isa = PBXFileReference; lastKnownFileType = sourcecode.swift; path = MVP_ProductsUITestsLaunchTests.swift; sourceTree = "<group>"; };
/* End PBXFileReference section */

/* Begin PBXFrameworksBuildPhase section */
		E1DBC99E2DD09E2C001DAD2B /* Frameworks */ = {
			isa = PBXFrameworksBuildPhase;
			buildActionMask = 2147483647;
			files = (
			);
			runOnlyForDeploymentPostprocessing = 0;
		};
		E1DBC9B72DD09E2D001DAD2B /* Frameworks */ = {
			isa = PBXFrameworksBuildPhase;
			buildActionMask = 2147483647;
			files = (
			);
			runOnlyForDeploymentPostprocessing = 0;
		};
		E1DBC9C12DD09E2D001DAD2B /* Frameworks */ = {
			isa = PBXFrameworksBuildPhase;
			buildActionMask = 2147483647;
			files = (
			);
			runOnlyForDeploymentPostprocessing = 0;
		};
/* End PBXFrameworksBuildPhase section */

/* Begin PBXGroup section */
		E1DBC9982DD09E2B001DAD2B = {
			isa = PBXGroup;
			children = (
				E1DBC9A32DD09E2C001DAD2B /* MVP Products */,
				E1DBC9BD2DD09E2D001DAD2B /* MVP ProductsTests */,
				E1DBC9C72DD09E2D001DAD2B /* MVP ProductsUITests */,
				E1DBC9A22DD09E2C001DAD2B /* Products */,
			);
			sourceTree = "<group>";
		};
		E1DBC9A22DD09E2C001DAD2B /* Products */ = {
			isa = PBXGroup;
			children = (
				E1DBC9A12DD09E2C001DAD2B /* MVP Products.app */,
				E1DBC9BA2DD09E2D001DAD2B /* MVP ProductsTests.xctest */,
				E1DBC9C42DD09E2D001DAD2B /* MVP ProductsUITests.xctest */,
			);
			name = Products;
			sourceTree = "<group>";
		};
		E1DBC9A32DD09E2C001DAD2B /* MVP Products */ = {
			isa = PBXGroup;
			children = (
				E1DBC9A42DD09E2C001DAD2B /* AppDelegate.swift */,
				E1DBC9A62DD09E2C001DAD2B /* SceneDelegate.swift */,
				E1DBC9A82DD09E2C001DAD2B /* ViewController.swift */,
				E1DBC9AA2DD09E2C001DAD2B /* Main.storyboard */,
				E1DBC9B02DD09E2D001DAD2B /* Assets.xcassets */,
				E1DBC9B22DD09E2D001DAD2B /* LaunchScreen.storyboard */,
				E1DBC9B52DD09E2D001DAD2B /* Info.plist */,
				E1DBC9AD2DD09E2C001DAD2B /* MVP_Products.xcdatamodeld */,
			);
			path = "MVP Products";
			sourceTree = "<group>";
		};
		E1DBC9BD2DD09E2D001DAD2B /* MVP ProductsTests */ = {
			isa = PBXGroup;
			children = (
				E1DBC9BE2DD09E2D001DAD2B /* MVP_ProductsTests.swift */,
			);
			path = "MVP ProductsTests";
			sourceTree = "<group>";
		};
		E1DBC9C72DD09E2D001DAD2B /* MVP ProductsUITests */ = {
			isa = PBXGroup;
			children = (
				E1DBC9C82DD09E2D001DAD2B /* MVP_ProductsUITests.swift */,
				E1DBC9CA2DD09E2D001DAD2B /* MVP_ProductsUITestsLaunchTests.swift */,
			);
			path = "MVP ProductsUITests";
			sourceTree = "<group>";
		};
/* End PBXGroup section */

/* Begin PBXNativeTarget section */
		E1DBC9A02DD09E2C001DAD2B /* MVP Products */ = {
			isa = PBXNativeTarget;
			buildConfigurationList = E1DBC9CE2DD09E2D001DAD2B /* Build configuration list for PBXNativeTarget "MVP Products" */;
			buildPhases = (
				E1DBC99D2DD09E2C001DAD2B /* Sources */,
				E1DBC99E2DD09E2C001DAD2B /* Frameworks */,
				E1DBC99F2DD09E2C001DAD2B /* Resources */,
			);
			buildRules = (
			);
			dependencies = (
			);
			name = "MVP Products";
			productName = "MVP Products";
			productReference = E1DBC9A12DD09E2C001DAD2B /* MVP Products.app */;
			productType = "com.apple.product-type.application";
		};
		E1DBC9B92DD09E2D001DAD2B /* MVP ProductsTests */ = {
			isa = PBXNativeTarget;
			buildConfigurationList = E1DBC9D12DD09E2D001DAD2B /* Build configuration list for PBXNativeTarget "MVP ProductsTests" */;
			buildPhases = (
				E1DBC9B62DD09E2D001DAD2B /* Sources */,
				E1DBC9B72DD09E2D001DAD2B /* Frameworks */,
				E1DBC9B82DD09E2D001DAD2B /* Resources */,
			);
			buildRules = (
			);
			dependencies = (
				E1DBC9BC2DD09E2D001DAD2B /* PBXTargetDependency */,
			);
			name = "MVP ProductsTests";
			productName = "MVP ProductsTests";
			productReference = E1DBC9BA2DD09E2D001DAD2B /* MVP ProductsTests.xctest */;
			productType = "com.apple.product-type.bundle.unit-test";
		};
		E1DBC9C32DD09E2D001DAD2B /* MVP ProductsUITests */ = {
			isa = PBXNativeTarget;
			buildConfigurationList = E1DBC9D42DD09E2D001DAD2B /* Build configuration list for PBXNativeTarget "MVP ProductsUITests" */;
			buildPhases = (
				E1DBC9C02DD09E2D001DAD2B /* Sources */,
				E1DBC9C12DD09E2D001DAD2B /* Frameworks */,
				E1DBC9C22DD09E2D001DAD2B /* Resources */,
			);
			buildRules = (
			);
			dependencies = (
				E1DBC9C62DD09E2D001DAD2B /* PBXTargetDependency */,
			);
			name = "MVP ProductsUITests";
			productName = "MVP ProductsUITests";
			productReference = E1DBC9C42DD09E2D001DAD2B /* MVP ProductsUITests.xctest */;
			productType = "com.apple.product-type.bundle.ui-testing";
		};
/* End PBXNativeTarget section */

/* Begin PBXProject section */
		E1DBC9992DD09E2B001DAD2B /* Project object */ = {
			isa = PBXProject;
			attributes = {
				BuildIndependentTargetsInParallel = 1;
				LastSwiftUpdateCheck = 1420;
				LastUpgradeCheck = 1420;
				TargetAttributes = {
					E1DBC9A02DD09E2C001DAD2B = {
						CreatedOnToolsVersion = 14.2;
					};
					E1DBC9B92DD09E2D001DAD2B = {
						CreatedOnToolsVersion = 14.2;
						TestTargetID = E1DBC9A02DD09E2C001DAD2B;
					};
					E1DBC9C32DD09E2D001DAD2B = {
						CreatedOnToolsVersion = 14.2;
						TestTargetID = E1DBC9A02DD09E2C001DAD2B;
					};
				};
			};
			buildConfigurationList = E1DBC99C2DD09E2B001DAD2B /* Build configuration list for PBXProject "MVP Products" */;
			compatibilityVersion = "Xcode 14.0";
			developmentRegion = en;
			hasScannedForEncodings = 0;
			knownRegions = (
				en,
				Base,
			);
			mainGroup = E1DBC9982DD09E2B001DAD2B;
			productRefGroup = E1DBC9A22DD09E2C001DAD2B /* Products */;
			projectDirPath = "";
			projectRoot = "";
			targets = (
				E1DBC9A02DD09E2C001DAD2B /* MVP Products */,
				E1DBC9B92DD09E2D001DAD2B /* MVP ProductsTests */,
				E1DBC9C32DD09E2D001DAD2B /* MVP ProductsUITests */,
			);
		};
/* End PBXProject section */

/* Begin PBXResourcesBuildPhase section */
		E1DBC99F2DD09E2C001DAD2B /* Resources */ = {
			isa = PBXResourcesBuildPhase;
			buildActionMask = 2147483647;
			files = (
				E1DBC9B42DD09E2D001DAD2B /* LaunchScreen.storyboard in Resources */,
				E1DBC9B12DD09E2D001DAD2B /* Assets.xcassets in Resources */,
				E1DBC9AC2DD09E2C001DAD2B /* Main.storyboard in Resources */,
			);
			runOnlyForDeploymentPostprocessing = 0;
		};
		E1DBC9B82DD09E2D001DAD2B /* Resources */ = {
			isa = PBXResourcesBuildPhase;
			buildActionMask = 2147483647;
			files = (
			);
			runOnlyForDeploymentPostprocessing = 0;
		};
		E1DBC9C22DD09E2D001DAD2B /* Resources */ = {
			isa = PBXResourcesBuildPhase;
			buildActionMask = 2147483647;
			files = (
			);
			runOnlyForDeploymentPostprocessing = 0;
		};
/* End PBXResourcesBuildPhase section */

/* Begin PBXSourcesBuildPhase section */
		E1DBC99D2DD09E2C001DAD2B /* Sources */ = {
			isa = PBXSourcesBuildPhase;
			buildActionMask = 2147483647;
			files = (
				E1DBC9A92DD09E2C001DAD2B /* ViewController.swift in Sources */,
				E1DBC9A52DD09E2C001DAD2B /* AppDelegate.swift in Sources */,
				E1DBC9A72DD09E2C001DAD2B /* SceneDelegate.swift in Sources */,
				E1DBC9AF2DD09E2C001DAD2B /* MVP_Products.xcdatamodeld in Sources */,
			);
			runOnlyForDeploymentPostprocessing = 0;
		};
		E1DBC9B62DD09E2D001DAD2B /* Sources */ = {
			isa = PBXSourcesBuildPhase;
			buildActionMask = 2147483647;
			files = (
				E1DBC9BF2DD09E2D001DAD2B /* MVP_ProductsTests.swift in Sources */,
			);
			runOnlyForDeploymentPostprocessing = 0;
		};
		E1DBC9C02DD09E2D001DAD2B /* Sources */ = {
			isa = PBXSourcesBuildPhase;
			buildActionMask = 2147483647;
			files = (
				E1DBC9CB2DD09E2D001DAD2B /* MVP_ProductsUITestsLaunchTests.swift in Sources */,
				E1DBC9C92DD09E2D001DAD2B /* MVP_ProductsUITests.swift in Sources */,
			);
			runOnlyForDeploymentPostprocessing = 0;
		};
/* End PBXSourcesBuildPhase section */

/* Begin PBXTargetDependency section */
		E1DBC9BC2DD09E2D001DAD2B /* PBXTargetDependency */ = {
			isa = PBXTargetDependency;
			target = E1DBC9A02DD09E2C001DAD2B /* MVP Products */;
			targetProxy = E1DBC9BB2DD09E2D001DAD2B /* PBXContainerItemProxy */;
		};
		E1DBC9C62DD09E2D001DAD2B /* PBXTargetDependency */ = {
			isa = PBXTargetDependency;
			target = E1DBC9A02DD09E2C001DAD2B /* MVP Products */;
			targetProxy = E1DBC9C52DD09E2D001DAD2B /* PBXContainerItemProxy */;
		};
/* End PBXTargetDependency section */

/* Begin PBXVariantGroup section */
		E1DBC9AA2DD09E2C001DAD2B /* Main.storyboard */ = {
			isa = PBXVariantGroup;
			children = (
				E1DBC9AB2DD09E2C001DAD2B /* Base */,
			);
			name = Main.storyboard;
			sourceTree = "<group>";
		};
		E1DBC9B22DD09E2D001DAD2B /* LaunchScreen.storyboard */ = {
			isa = PBXVariantGroup;
			children = (
				E1DBC9B32DD09E2D001DAD2B /* Base */,
			);
			name = LaunchScreen.storyboard;
			sourceTree = "<group>";
		};
/* End PBXVariantGroup section */

/* Begin XCBuildConfiguration section */
		E1DBC9CC2DD09E2D001DAD2B /* Debug */ = {
			isa = XCBuildConfiguration;
			buildSettings = {
				ALWAYS_SEARCH_USER_PATHS = NO;
				CLANG_ANALYZER_NONNULL = YES;
				CLANG_ANALYZER_NUMBER_OBJECT_CONVERSION = YES_AGGRESSIVE;
				CLANG_CXX_LANGUAGE_STANDARD = "gnu++20";
				CLANG_ENABLE_MODULES = YES;
				CLANG_ENABLE_OBJC_ARC = YES;
				CLANG_ENABLE_OBJC_WEAK = YES;
				CLANG_WARN_BLOCK_CAPTURE_AUTORELEASING = YES;
				CLANG_WARN_BOOL_CONVERSION = YES;
				CLANG_WARN_COMMA = YES;
				CLANG_WARN_CONSTANT_CONVERSION = YES;
				CLANG_WARN_DEPRECATED_OBJC_IMPLEMENTATIONS = YES;
				CLANG_WARN_DIRECT_OBJC_ISA_USAGE = YES_ERROR;
				CLANG_WARN_DOCUMENTATION_COMMENTS = YES;
				CLANG_WARN_EMPTY_BODY = YES;
				CLANG_WARN_ENUM_CONVERSION = YES;
				CLANG_WARN_INFINITE_RECURSION = YES;
				CLANG_WARN_INT_CONVERSION = YES;
				CLANG_WARN_NON_LITERAL_NULL_CONVERSION = YES;
				CLANG_WARN_OBJC_IMPLICIT_RETAIN_SELF = YES;
				CLANG_WARN_OBJC_LITERAL_CONVERSION = YES;
				CLANG_WARN_OBJC_ROOT_CLASS = YES_ERROR;
				CLANG_WARN_QUOTED_INCLUDE_IN_FRAMEWORK_HEADER = YES;
				CLANG_WARN_RANGE_LOOP_ANALYSIS = YES;
				CLANG_WARN_STRICT_PROTOTYPES = YES;
				CLANG_WARN_SUSPICIOUS_MOVE = YES;
				CLANG_WARN_UNGUARDED_AVAILABILITY = YES_AGGRESSIVE;
				CLANG_WARN_UNREACHABLE_CODE = YES;
				CLANG_WARN__DUPLICATE_METHOD_MATCH = YES;
				COPY_PHASE_STRIP = NO;
				DEBUG_INFORMATION_FORMAT = dwarf;
				ENABLE_STRICT_OBJC_MSGSEND = YES;
				ENABLE_TESTABILITY = YES;
				GCC_C_LANGUAGE_STANDARD = gnu11;
				GCC_DYNAMIC_NO_PIC = NO;
				GCC_NO_COMMON_BLOCKS = YES;
				GCC_OPTIMIZATION_LEVEL = 0;
				GCC_PREPROCESSOR_DEFINITIONS = (
					"DEBUG=1",
					"$(inherited)",
				);
				GCC_WARN_64_TO_32_BIT_CONVERSION = YES;
				GCC_WARN_ABOUT_RETURN_TYPE = YES_ERROR;
				GCC_WARN_UNDECLARED_SELECTOR = YES;
				GCC_WARN_UNINITIALIZED_AUTOS = YES_AGGRESSIVE;
				GCC_WARN_UNUSED_FUNCTION = YES;
				GCC_WARN_UNUSED_VARIABLE = YES;
				IPHONEOS_DEPLOYMENT_TARGET = 16.2;
				MTL_ENABLE_DEBUG_INFO = INCLUDE_SOURCE;
				MTL_FAST_MATH = YES;
				ONLY_ACTIVE_ARCH = YES;
				SDKROOT = iphoneos;
				SWIFT_ACTIVE_COMPILATION_CONDITIONS = DEBUG;
				SWIFT_OPTIMIZATION_LEVEL = "-Onone";
			};
			name = Debug;
		};
		E1DBC9CD2DD09E2D001DAD2B /* Release */ = {
			isa = XCBuildConfiguration;
			buildSettings = {
				ALWAYS_SEARCH_USER_PATHS = NO;
				CLANG_ANALYZER_NONNULL = YES;
				CLANG_ANALYZER_NUMBER_OBJECT_CONVERSION = YES_AGGRESSIVE;
				CLANG_CXX_LANGUAGE_STANDARD = "gnu++20";
				CLANG_ENABLE_MODULES = YES;
				CLANG_ENABLE_OBJC_ARC = YES;
				CLANG_ENABLE_OBJC_WEAK = YES;
				CLANG_WARN_BLOCK_CAPTURE_AUTORELEASING = YES;
				CLANG_WARN_BOOL_CONVERSION = YES;
				CLANG_WARN_COMMA = YES;
				CLANG_WARN_CONSTANT_CONVERSION = YES;
				CLANG_WARN_DEPRECATED_OBJC_IMPLEMENTATIONS = YES;
				CLANG_WARN_DIRECT_OBJC_ISA_USAGE = YES_ERROR;
				CLANG_WARN_DOCUMENTATION_COMMENTS = YES;
				CLANG_WARN_EMPTY_BODY = YES;
				CLANG_WARN_ENUM_CONVERSION = YES;
				CLANG_WARN_INFINITE_RECURSION = YES;
				CLANG_WARN_INT_CONVERSION = YES;
				CLANG_WARN_NON_LITERAL_NULL_CONVERSION = YES;
				CLANG_WARN_OBJC_IMPLICIT_RETAIN_SELF = YES;
				CLANG_WARN_OBJC_LITERAL_CONVERSION = YES;
				CLANG_WARN_OBJC_ROOT_CLASS = YES_ERROR;
				CLANG_WARN_QUOTED_INCLUDE_IN_FRAMEWORK_HEADER = YES;
				CLANG_WARN_RANGE_LOOP_ANALYSIS = YES;
				CLANG_WARN_STRICT_PROTOTYPES = YES;
				CLANG_WARN_SUSPICIOUS_MOVE = YES;
				CLANG_WARN_UNGUARDED_AVAILABILITY = YES_AGGRESSIVE;
				CLANG_WARN_UNREACHABLE_CODE = YES;
				CLANG_WARN__DUPLICATE_METHOD_MATCH = YES;
				COPY_PHASE_STRIP = NO;
				DEBUG_INFORMATION_FORMAT = "dwarf-with-dsym";
				ENABLE_NS_ASSERTIONS = NO;
				ENABLE_STRICT_OBJC_MSGSEND = YES;
				GCC_C_LANGUAGE_STANDARD = gnu11;
				GCC_NO_COMMON_BLOCKS = YES;
				GCC_WARN_64_TO_32_BIT_CONVERSION = YES;
				GCC_WARN_ABOUT_RETURN_TYPE = YES_ERROR;
				GCC_WARN_UNDECLARED_SELECTOR = YES;
				GCC_WARN_UNINITIALIZED_AUTOS = YES_AGGRESSIVE;
				GCC_WARN_UNUSED_FUNCTION = YES;
				GCC_WARN_UNUSED_VARIABLE = YES;
				IPHONEOS_DEPLOYMENT_TARGET = 16.2;
				MTL_ENABLE_DEBUG_INFO = NO;
				MTL_FAST_MATH = YES;
				SDKROOT = iphoneos;
				SWIFT_COMPILATION_MODE = wholemodule;
				SWIFT_OPTIMIZATION_LEVEL = "-O";
				VALIDATE_PRODUCT = YES;
			};
			name = Release;
		};
		E1DBC9CF2DD09E2D001DAD2B /* Debug */ = {
			isa = XCBuildConfiguration;
			buildSettings = {
				ASSETCATALOG_COMPILER_APPICON_NAME = AppIcon;
				ASSETCATALOG_COMPILER_GLOBAL_ACCENT_COLOR_NAME = AccentColor;
				CODE_SIGN_STYLE = Automatic;
				CURRENT_PROJECT_VERSION = 1;
				GENERATE_INFOPLIST_FILE = YES;
				INFOPLIST_FILE = "MVP Products/Info.plist";
				INFOPLIST_KEY_UIApplicationSupportsIndirectInputEvents = YES;
				INFOPLIST_KEY_UILaunchStoryboardName = LaunchScreen;
				INFOPLIST_KEY_UIMainStoryboardFile = Main;
				INFOPLIST_KEY_UISupportedInterfaceOrientations_iPad = "UIInterfaceOrientationPortrait UIInterfaceOrientationPortraitUpsideDown UIInterfaceOrientationLandscapeLeft UIInterfaceOrientationLandscapeRight";
				INFOPLIST_KEY_UISupportedInterfaceOrientations_iPhone = "UIInterfaceOrientationPortrait UIInterfaceOrientationLandscapeLeft UIInterfaceOrientationLandscapeRight";
				LD_RUNPATH_SEARCH_PATHS = (
					"$(inherited)",
					"@executable_path/Frameworks",
				);
				MARKETING_VERSION = 1.0;
				PRODUCT_BUNDLE_IDENTIFIER = "com.MVP-Products";
				PRODUCT_NAME = "$(TARGET_NAME)";
				SWIFT_EMIT_LOC_STRINGS = YES;
				SWIFT_VERSION = 5.0;
				TARGETED_DEVICE_FAMILY = "1,2";
			};
			name = Debug;
		};
		E1DBC9D02DD09E2D001DAD2B /* Release */ = {
			isa = XCBuildConfiguration;
			buildSettings = {
				ASSETCATALOG_COMPILER_APPICON_NAME = AppIcon;
				ASSETCATALOG_COMPILER_GLOBAL_ACCENT_COLOR_NAME = AccentColor;
				CODE_SIGN_STYLE = Automatic;
				CURRENT_PROJECT_VERSION = 1;
				GENERATE_INFOPLIST_FILE = YES;
				INFOPLIST_FILE = "MVP Products/Info.plist";
				INFOPLIST_KEY_UIApplicationSupportsIndirectInputEvents = YES;
				INFOPLIST_KEY_UILaunchStoryboardName = LaunchScreen;
				INFOPLIST_KEY_UIMainStoryboardFile = Main;
				INFOPLIST_KEY_UISupportedInterfaceOrientations_iPad = "UIInterfaceOrientationPortrait UIInterfaceOrientationPortraitUpsideDown UIInterfaceOrientationLandscapeLeft UIInterfaceOrientationLandscapeRight";
				INFOPLIST_KEY_UISupportedInterfaceOrientations_iPhone = "UIInterfaceOrientationPortrait UIInterfaceOrientationLandscapeLeft UIInterfaceOrientationLandscapeRight";
				LD_RUNPATH_SEARCH_PATHS = (
					"$(inherited)",
					"@executable_path/Frameworks",
				);
				MARKETING_VERSION = 1.0;
				PRODUCT_BUNDLE_IDENTIFIER = "com.MVP-Products";
				PRODUCT_NAME = "$(TARGET_NAME)";
				SWIFT_EMIT_LOC_STRINGS = YES;
				SWIFT_VERSION = 5.0;
				TARGETED_DEVICE_FAMILY = "1,2";
			};
			name = Release;
		};
		E1DBC9D22DD09E2D001DAD2B /* Debug */ = {
			isa = XCBuildConfiguration;
			buildSettings = {
				ALWAYS_EMBED_SWIFT_STANDARD_LIBRARIES = YES;
				BUNDLE_LOADER = "$(TEST_HOST)";
				CODE_SIGN_STYLE = Automatic;
				CURRENT_PROJECT_VERSION = 1;
				GENERATE_INFOPLIST_FILE = YES;
				IPHONEOS_DEPLOYMENT_TARGET = 16.2;
				MARKETING_VERSION = 1.0;
				PRODUCT_BUNDLE_IDENTIFIER = "com.MVP-ProductsTests";
				PRODUCT_NAME = "$(TARGET_NAME)";
				SWIFT_EMIT_LOC_STRINGS = NO;
				SWIFT_VERSION = 5.0;
				TARGETED_DEVICE_FAMILY = "1,2";
				TEST_HOST = "$(BUILT_PRODUCTS_DIR)/MVP Products.app/$(BUNDLE_EXECUTABLE_FOLDER_PATH)/MVP Products";
			};
			name = Debug;
		};
		E1DBC9D32DD09E2D001DAD2B /* Release */ = {
			isa = XCBuildConfiguration;
			buildSettings = {
				ALWAYS_EMBED_SWIFT_STANDARD_LIBRARIES = YES;
				BUNDLE_LOADER = "$(TEST_HOST)";
				CODE_SIGN_STYLE = Automatic;
				CURRENT_PROJECT_VERSION = 1;
				GENERATE_INFOPLIST_FILE = YES;
				IPHONEOS_DEPLOYMENT_TARGET = 16.2;
				MARKETING_VERSION = 1.0;
				PRODUCT_BUNDLE_IDENTIFIER = "com.MVP-ProductsTests";
				PRODUCT_NAME = "$(TARGET_NAME)";
				SWIFT_EMIT_LOC_STRINGS = NO;
				SWIFT_VERSION = 5.0;
				TARGETED_DEVICE_FAMILY = "1,2";
				TEST_HOST = "$(BUILT_PRODUCTS_DIR)/MVP Products.app/$(BUNDLE_EXECUTABLE_FOLDER_PATH)/MVP Products";
			};
			name = Release;
		};
		E1DBC9D52DD09E2D001DAD2B /* Debug */ = {
			isa = XCBuildConfiguration;
			buildSettings = {
				ALWAYS_EMBED_SWIFT_STANDARD_LIBRARIES = YES;
				CODE_SIGN_STYLE = Automatic;
				CURRENT_PROJECT_VERSION = 1;
				GENERATE_INFOPLIST_FILE = YES;
				MARKETING_VERSION = 1.0;
				PRODUCT_BUNDLE_IDENTIFIER = "com.MVP-ProductsUITests";
				PRODUCT_NAME = "$(TARGET_NAME)";
				SWIFT_EMIT_LOC_STRINGS = NO;
				SWIFT_VERSION = 5.0;
				TARGETED_DEVICE_FAMILY = "1,2";
				TEST_TARGET_NAME = "MVP Products";
			};
			name = Debug;
		};
		E1DBC9D62DD09E2D001DAD2B /* Release */ = {
			isa = XCBuildConfiguration;
			buildSettings = {
				ALWAYS_EMBED_SWIFT_STANDARD_LIBRARIES = YES;
				CODE_SIGN_STYLE = Automatic;
				CURRENT_PROJECT_VERSION = 1;
				GENERATE_INFOPLIST_FILE = YES;
				MARKETING_VERSION = 1.0;
				PRODUCT_BUNDLE_IDENTIFIER = "com.MVP-ProductsUITests";
				PRODUCT_NAME = "$(TARGET_NAME)";
				SWIFT_EMIT_LOC_STRINGS = NO;
				SWIFT_VERSION = 5.0;
				TARGETED_DEVICE_FAMILY = "1,2";
				TEST_TARGET_NAME = "MVP Products";
			};
			name = Release;
		};
/* End XCBuildConfiguration section */

/* Begin XCConfigurationList section */
		E1DBC99C2DD09E2B001DAD2B /* Build configuration list for PBXProject "MVP Products" */ = {
			isa = XCConfigurationList;
			buildConfigurations = (
				E1DBC9CC2DD09E2D001DAD2B /* Debug */,
				E1DBC9CD2DD09E2D001DAD2B /* Release */,
			);
			defaultConfigurationIsVisible = 0;
			defaultConfigurationName = Release;
		};
		E1DBC9CE2DD09E2D001DAD2B /* Build configuration list for PBXNativeTarget "MVP Products" */ = {
			isa = XCConfigurationList;
			buildConfigurations = (
				E1DBC9CF2DD09E2D001DAD2B /* Debug */,
				E1DBC9D02DD09E2D001DAD2B /* Release */,
			);
			defaultConfigurationIsVisible = 0;
			defaultConfigurationName = Release;
		};
		E1DBC9D12DD09E2D001DAD2B /* Build configuration list for PBXNativeTarget "MVP ProductsTests" */ = {
			isa = XCConfigurationList;
			buildConfigurations = (
				E1DBC9D22DD09E2D001DAD2B /* Debug */,
				E1DBC9D32DD09E2D001DAD2B /* Release */,
			);
			defaultConfigurationIsVisible = 0;
			defaultConfigurationName = Release;
		};
		E1DBC9D42DD09E2D001DAD2B /* Build configuration list for PBXNativeTarget "MVP ProductsUITests" */ = {
			isa = XCConfigurationList;
			buildConfigurations = (
				E1DBC9D52DD09E2D001DAD2B /* Debug */,
				E1DBC9D62DD09E2D001DAD2B /* Release */,
			);
			defaultConfigurationIsVisible = 0;
			defaultConfigurationName = Release;
		};
/* End XCConfigurationList section */

/* Begin XCVersionGroup section */
		E1DBC9AD2DD09E2C001DAD2B /* MVP_Products.xcdatamodeld */ = {
			isa = XCVersionGroup;
			children = (
				E1DBC9AE2DD09E2C001DAD2B /* MVP_Products.xcdatamodel */,
			);
			currentVersion = E1DBC9AE2DD09E2C001DAD2B /* MVP_Products.xcdatamodel */;
			path = MVP_Products.xcdatamodeld;
			sourceTree = "<group>";
			versionGroupType = wrapper.xcdatamodel;
		};
/* End XCVersionGroup section */
	};
	rootObject = E1DBC9992DD09E2B001DAD2B /* Project object */;
}
